{
  "name": "cipher-cli",
  "version": "1.0.0",
  "lockfileVersion": 1,
  "requires": true,
  "dependencies": {
    "@types/node": {
      "version": "13.13.12",
      "resolved": "https://registry.npmjs.org/@types/node/-/node-13.13.12.tgz",
      "integrity": "sha512-zWz/8NEPxoXNT9YyF2osqyA9WjssZukYpgI4UYZpOjcyqwIUqWGkcCionaEb9Ki+FULyPyvNFpg/329Kd2/pbw=="
    },
    "@types/readline-sync": {
      "version": "1.4.3",
      "resolved": "https://registry.npmjs.org/@types/readline-sync/-/readline-sync-1.4.3.tgz",
      "integrity": "sha512-YP9NVli96E+qQLAF2db+VjnAUEeZcFVg4YnMgr8kpDUFwQBnj31rPLOVHmazbKQhaIkJ9cMHsZhpKdzUeL0KTg=="
    },
    "ciphervgnr": {
      "version": "1.3.0",
      "resolved": "https://registry.npmjs.org/ciphervgnr/-/ciphervgnr-1.3.0.tgz",
      "integrity": "sha512-v6FzhZDoMv0a1NOxJE6JDqWJp78CsuzXkxLoEtf69ESQoRI42/GVpZaJ9bLPM2pQ7sBHh54QX/ixusqM9Z6Qow=="
    },
    "readline-sync": {
      "version": "1.4.10",
      "resolved": "https://registry.npmjs.org/readline-sync/-/readline-sync-1.4.10.tgz",
      "integrity": "sha512-gNva8/6UAe8QYepIQH/jQ2qn91Qj0B9sYjMBBs3QOB8F2CXcKgLxQaJRP76sWVRQt+QU+8fAkCbCvjjMFu7Ycw=="
    },
    "target-menu": {
      "version": "2.0.1",
      "resolved": "https://registry.npmjs.org/target-menu/-/target-menu-2.0.1.tgz",
      "integrity": "sha512-LuKM/XMOmExGn9BtRFr++IFrjjtJ7F+hwE0W7xJPlLeCRhYvt+2kAx/gp4v7SmlAaVymDXpcdtL9hLfqCXQYKA==",
      "requires": {
        "@types/node": "^13.11.1",
        "@types/readline-sync": "^1.4.3",
        "readline-sync": "^1.4.10"
      }
    }
  }
}
